
Microsoft Visual Studio Solution File, Format Version 12.00
# Visual Studio 15
VisualStudioVersion = 15.0.27428.2027
MinimumVisualStudioVersion = 10.0.40219.1
Project("{2150E333-8FDC-42A3-9474-1A3956D46DE8}") = "Chapter11", "Chapter11", "{331C8F87-0B99-4711-AF54-594EC51A40AF}"
EndProject
Project("{FAE04EC0-301F-11D3-BF4B-00C04F79EFBC}") = "Test11_01", "Test11_01\Test11_01.csproj", "{8952736F-C3E2-4965-B369-0CDCC64D4D6D}"
EndProject
Project("{FAE04EC0-301F-11D3-BF4B-00C04F79EFBC}") = "Test11_03", "Test11_03\Test11_03.csproj", "{27684834-57CD-482C-92A4-71489FD7C962}"
EndProject
Project("{FAE04EC0-301F-11D3-BF4B-00C04F79EFBC}") = "Test11_05", "Test11_05\Test11_05.csproj", "{411EA850-B889-4103-BD8C-45DBD8ACA045}"
EndProject
Project("{FAE04EC0-301F-11D3-BF4B-00C04F79EFBC}") = "Test11_06", "Test11_06\Test11_06.csproj", "{1F15DC48-202E-44F7-A50F-088E44F9FF10}"
EndProject
Project("{FAE04EC0-301F-11D3-BF4B-00C04F79EFBC}") = "Test11_07", "Test11_07\Test11_07.csproj", "{110E0381-4439-4E62-B95E-BF289B9A5F10}"
EndProject
Project("{FAE04EC0-301F-11D3-BF4B-00C04F79EFBC}") = "Test11_08", "Test11_08\Test11_08.csproj", "{B898FDA9-022C-4598-AAC1-F7E12672D68B}"
EndProject
Project("{FAE04EC0-301F-11D3-BF4B-00C04F79EFBC}") = "Test11_10", "Test11_10\Test11_10.csproj", "{9F91B218-3D2C-4474-BCE0-819B76F6EFB5}"
EndProject
Project("{FAE04EC0-301F-11D3-BF4B-00C04F79EFBC}") = "Test11_12", "Test11_12\Test11_12.csproj", "{0E93F75D-AF89-4810-A905-0E21F3D22B30}"
EndProject
Project("{FAE04EC0-301F-11D3-BF4B-00C04F79EFBC}") = "Test11_13", "Test11_13\Test11_13.csproj", "{66FFEF98-2823-4DA1-BC7C-3EFB15954B5C}"
EndProject
Project("{FAE04EC0-301F-11D3-BF4B-00C04F79EFBC}") = "Test11_14", "Test11_14\Test11_14.csproj", "{BDEB14A6-3CDD-406B-A62C-40EB43607DAC}"
EndProject
Project("{FAE04EC0-301F-11D3-BF4B-00C04F79EFBC}") = "Test11_15", "Test11_15\Test11_15.csproj", "{B5B2EC69-57FD-4CAC-B787-E0346470D8A8}"
EndProject
Project("{FAE04EC0-301F-11D3-BF4B-00C04F79EFBC}") = "Test11_16", "Test11_16\Test11_16.csproj", "{3BFA9058-C730-4120-A0B4-58016FD2703C}"
EndProject
Project("{FAE04EC0-301F-11D3-BF4B-00C04F79EFBC}") = "Test11_17", "Test11_17\Test11_17.csproj", "{27025BBE-AD0C-43EE-A5F3-6EBB4C2CA313}"
EndProject
Project("{FAE04EC0-301F-11D3-BF4B-00C04F79EFBC}") = "Test11_18", "Test11_18\Test11_18.csproj", "{BF832F33-ACE2-4AB6-B9FF-CCF6B1644801}"
EndProject
Project("{FAE04EC0-301F-11D3-BF4B-00C04F79EFBC}") = "Test11_19", "Test11_19\Test11_19.csproj", "{DEB779B9-06E6-402D-ABB3-2FFA202D6966}"
EndProject
Project("{FAE04EC0-301F-11D3-BF4B-00C04F79EFBC}") = "Test11_20", "Test11_20\Test11_20.csproj", "{B6C8D6FB-98C4-40E9-82F2-4600E2BF21E2}"
EndProject
Project("{2150E333-8FDC-42A3-9474-1A3956D46DE8}") = "Chapter12", "Chapter12", "{4D0DFDF1-B366-4090-ADE2-3D27D6ACB2B2}"
EndProject
Project("{2150E333-8FDC-42A3-9474-1A3956D46DE8}") = "Chapter13", "Chapter13", "{F9F2E26C-E584-44BF-AB72-D26DBC1AB67B}"
EndProject
Project("{FAE04EC0-301F-11D3-BF4B-00C04F79EFBC}") = "Test13_01", "Test13_01\Test13_01.csproj", "{FAAEFD0D-7DD4-4960-A134-25959448BEAF}"
EndProject
Project("{FAE04EC0-301F-11D3-BF4B-00C04F79EFBC}") = "Test13_02", "Test13_02\Test13_02.csproj", "{32DE561C-1C06-4AC0-84E2-D0678D607276}"
EndProject
Project("{FAE04EC0-301F-11D3-BF4B-00C04F79EFBC}") = "Test13_03", "Test13_03\Test13_03.csproj", "{982B991E-E6CE-4F49-8417-DF25AF083E0B}"
EndProject
Project("{FAE04EC0-301F-11D3-BF4B-00C04F79EFBC}") = "Test13_04", "Test13_04\Test13_04.csproj", "{5725515F-3310-4454-9089-A82DE97BF646}"
EndProject
Project("{FAE04EC0-301F-11D3-BF4B-00C04F79EFBC}") = "Test13_08", "Test13_08\Test13_08.csproj", "{1933EAA4-96C6-437E-AEB4-1A64853D25D8}"
EndProject
Project("{FAE04EC0-301F-11D3-BF4B-00C04F79EFBC}") = "Test13_09", "Test13_09\Test13_09.csproj", "{77CA0DDA-2F4D-4126-8C7A-48E248442F33}"
EndProject
Project("{FAE04EC0-301F-11D3-BF4B-00C04F79EFBC}") = "Test13_11", "Test13_11\Test13_11.csproj", "{8E27D4DB-5AF4-49CA-842F-E11FF710EDE7}"
EndProject
Project("{FAE04EC0-301F-11D3-BF4B-00C04F79EFBC}") = "Test13_12", "Test13_12\Test13_12.csproj", "{74A0390E-0006-441D-8A2F-A1C735A7A9DD}"
EndProject
Project("{FAE04EC0-301F-11D3-BF4B-00C04F79EFBC}") = "Test13_14", "Test13_14\Test13_14.csproj", "{3654A2F9-5E67-44CE-A859-08D72BDED289}"
EndProject
Project("{2150E333-8FDC-42A3-9474-1A3956D46DE8}") = "Chapter15", "Chapter15", "{1D1A33C9-7C4A-4775-8733-DCCF8FE381AE}"
EndProject
Project("{FAE04EC0-301F-11D3-BF4B-00C04F79EFBC}") = "Test15_01", "Test15_01\Test15_01.csproj", "{130FFDFD-6A93-4DE8-A83E-64084EBA1A20}"
EndProject
Project("{FAE04EC0-301F-11D3-BF4B-00C04F79EFBC}") = "Test15_02", "Test15_02\Test15_02.csproj", "{3D6ABC3E-6522-45BA-994C-5C801EE3A997}"
EndProject
Project("{FAE04EC0-301F-11D3-BF4B-00C04F79EFBC}") = "Test15_04", "Test15_04\Test15_04.csproj", "{9BB249EF-799A-4EC1-BA9A-24184B40FF37}"
EndProject
Project("{FAE04EC0-301F-11D3-BF4B-00C04F79EFBC}") = "Test15_05", "Test15_05\Test15_05.csproj", "{D1F158D5-8BF1-440A-A814-7BB13DFFBF84}"
EndProject
Project("{FAE04EC0-301F-11D3-BF4B-00C04F79EFBC}") = "Test15_07", "Test15_07\Test15_07.csproj", "{60CB5AC3-5379-4FE8-86BE-B3DBDA2CB491}"
EndProject
Project("{FAE04EC0-301F-11D3-BF4B-00C04F79EFBC}") = "Test15_08", "Test15_08\Test15_08.csproj", "{CC414754-FA7E-409B-9BC4-4A81DF4C00BB}"
EndProject
Project("{FAE04EC0-301F-11D3-BF4B-00C04F79EFBC}") = "Test15_09", "Test15_09\Test15_09.csproj", "{6989C076-5A03-4E0A-A995-0DE18F78B531}"
EndProject
Project("{FAE04EC0-301F-11D3-BF4B-00C04F79EFBC}") = "Test15_11", "Test15_11\Test15_11.csproj", "{63B873A3-0F2F-437E-8159-7A726E18BC34}"
EndProject
Project("{2150E333-8FDC-42A3-9474-1A3956D46DE8}") = "Chapter16", "Chapter16", "{C6116C5B-304E-4659-8C9B-51D1B17B26A7}"
EndProject
Project("{FAE04EC0-301F-11D3-BF4B-00C04F79EFBC}") = "Test16_01", "Test16_01\Test16_01.csproj", "{7AF773D4-1C7B-4355-884B-58DF8F07E0DE}"
EndProject
Project("{FAE04EC0-301F-11D3-BF4B-00C04F79EFBC}") = "Test16_02", "Test16_02\Test16_02.csproj", "{8F939B79-CB78-4A6B-9A45-8256046FCF4B}"
EndProject
Global
	GlobalSection(SolutionConfigurationPlatforms) = preSolution
		Debug|Any CPU = Debug|Any CPU
		Release|Any CPU = Release|Any CPU
	EndGlobalSection
	GlobalSection(ProjectConfigurationPlatforms) = postSolution
		{8952736F-C3E2-4965-B369-0CDCC64D4D6D}.Debug|Any CPU.ActiveCfg = Debug|Any CPU
		{8952736F-C3E2-4965-B369-0CDCC64D4D6D}.Debug|Any CPU.Build.0 = Debug|Any CPU
		{8952736F-C3E2-4965-B369-0CDCC64D4D6D}.Release|Any CPU.ActiveCfg = Release|Any CPU
		{8952736F-C3E2-4965-B369-0CDCC64D4D6D}.Release|Any CPU.Build.0 = Release|Any CPU
		{27684834-57CD-482C-92A4-71489FD7C962}.Debug|Any CPU.ActiveCfg = Debug|Any CPU
		{27684834-57CD-482C-92A4-71489FD7C962}.Debug|Any CPU.Build.0 = Debug|Any CPU
		{27684834-57CD-482C-92A4-71489FD7C962}.Release|Any CPU.ActiveCfg = Release|Any CPU
		{27684834-57CD-482C-92A4-71489FD7C962}.Release|Any CPU.Build.0 = Release|Any CPU
		{411EA850-B889-4103-BD8C-45DBD8ACA045}.Debug|Any CPU.ActiveCfg = Debug|Any CPU
		{411EA850-B889-4103-BD8C-45DBD8ACA045}.Debug|Any CPU.Build.0 = Debug|Any CPU
		{411EA850-B889-4103-BD8C-45DBD8ACA045}.Release|Any CPU.ActiveCfg = Release|Any CPU
		{411EA850-B889-4103-BD8C-45DBD8ACA045}.Release|Any CPU.Build.0 = Release|Any CPU
		{1F15DC48-202E-44F7-A50F-088E44F9FF10}.Debug|Any CPU.ActiveCfg = Debug|Any CPU
		{1F15DC48-202E-44F7-A50F-088E44F9FF10}.Debug|Any CPU.Build.0 = Debug|Any CPU
		{1F15DC48-202E-44F7-A50F-088E44F9FF10}.Release|Any CPU.ActiveCfg = Release|Any CPU
		{1F15DC48-202E-44F7-A50F-088E44F9FF10}.Release|Any CPU.Build.0 = Release|Any CPU
		{110E0381-4439-4E62-B95E-BF289B9A5F10}.Debug|Any CPU.ActiveCfg = Debug|Any CPU
		{110E0381-4439-4E62-B95E-BF289B9A5F10}.Debug|Any CPU.Build.0 = Debug|Any CPU
		{110E0381-4439-4E62-B95E-BF289B9A5F10}.Release|Any CPU.ActiveCfg = Release|Any CPU
		{110E0381-4439-4E62-B95E-BF289B9A5F10}.Release|Any CPU.Build.0 = Release|Any CPU
		{B898FDA9-022C-4598-AAC1-F7E12672D68B}.Debug|Any CPU.ActiveCfg = Debug|Any CPU
		{B898FDA9-022C-4598-AAC1-F7E12672D68B}.Debug|Any CPU.Build.0 = Debug|Any CPU
		{B898FDA9-022C-4598-AAC1-F7E12672D68B}.Release|Any CPU.ActiveCfg = Release|Any CPU
		{B898FDA9-022C-4598-AAC1-F7E12672D68B}.Release|Any CPU.Build.0 = Release|Any CPU
		{9F91B218-3D2C-4474-BCE0-819B76F6EFB5}.Debug|Any CPU.ActiveCfg = Debug|Any CPU
		{9F91B218-3D2C-4474-BCE0-819B76F6EFB5}.Debug|Any CPU.Build.0 = Debug|Any CPU
		{9F91B218-3D2C-4474-BCE0-819B76F6EFB5}.Release|Any CPU.ActiveCfg = Release|Any CPU
		{9F91B218-3D2C-4474-BCE0-819B76F6EFB5}.Release|Any CPU.Build.0 = Release|Any CPU
		{0E93F75D-AF89-4810-A905-0E21F3D22B30}.Debug|Any CPU.ActiveCfg = Debug|Any CPU
		{0E93F75D-AF89-4810-A905-0E21F3D22B30}.Debug|Any CPU.Build.0 = Debug|Any CPU
		{0E93F75D-AF89-4810-A905-0E21F3D22B30}.Release|Any CPU.ActiveCfg = Release|Any CPU
		{0E93F75D-AF89-4810-A905-0E21F3D22B30}.Release|Any CPU.Build.0 = Release|Any CPU
		{66FFEF98-2823-4DA1-BC7C-3EFB15954B5C}.Debug|Any CPU.ActiveCfg = Debug|Any CPU
		{66FFEF98-2823-4DA1-BC7C-3EFB15954B5C}.Debug|Any CPU.Build.0 = Debug|Any CPU
		{66FFEF98-2823-4DA1-BC7C-3EFB15954B5C}.Release|Any CPU.ActiveCfg = Release|Any CPU
		{66FFEF98-2823-4DA1-BC7C-3EFB15954B5C}.Release|Any CPU.Build.0 = Release|Any CPU
		{BDEB14A6-3CDD-406B-A62C-40EB43607DAC}.Debug|Any CPU.ActiveCfg = Debug|Any CPU
		{BDEB14A6-3CDD-406B-A62C-40EB43607DAC}.Debug|Any CPU.Build.0 = Debug|Any CPU
		{BDEB14A6-3CDD-406B-A62C-40EB43607DAC}.Release|Any CPU.ActiveCfg = Release|Any CPU
		{BDEB14A6-3CDD-406B-A62C-40EB43607DAC}.Release|Any CPU.Build.0 = Release|Any CPU
		{B5B2EC69-57FD-4CAC-B787-E0346470D8A8}.Debug|Any CPU.ActiveCfg = Debug|Any CPU
		{B5B2EC69-57FD-4CAC-B787-E0346470D8A8}.Debug|Any CPU.Build.0 = Debug|Any CPU
		{B5B2EC69-57FD-4CAC-B787-E0346470D8A8}.Release|Any CPU.ActiveCfg = Release|Any CPU
		{B5B2EC69-57FD-4CAC-B787-E0346470D8A8}.Release|Any CPU.Build.0 = Release|Any CPU
		{3BFA9058-C730-4120-A0B4-58016FD2703C}.Debug|Any CPU.ActiveCfg = Debug|Any CPU
		{3BFA9058-C730-4120-A0B4-58016FD2703C}.Debug|Any CPU.Build.0 = Debug|Any CPU
		{3BFA9058-C730-4120-A0B4-58016FD2703C}.Release|Any CPU.ActiveCfg = Release|Any CPU
		{3BFA9058-C730-4120-A0B4-58016FD2703C}.Release|Any CPU.Build.0 = Release|Any CPU
		{27025BBE-AD0C-43EE-A5F3-6EBB4C2CA313}.Debug|Any CPU.ActiveCfg = Debug|Any CPU
		{27025BBE-AD0C-43EE-A5F3-6EBB4C2CA313}.Debug|Any CPU.Build.0 = Debug|Any CPU
		{27025BBE-AD0C-43EE-A5F3-6EBB4C2CA313}.Release|Any CPU.ActiveCfg = Release|Any CPU
		{27025BBE-AD0C-43EE-A5F3-6EBB4C2CA313}.Release|Any CPU.Build.0 = Release|Any CPU
		{BF832F33-ACE2-4AB6-B9FF-CCF6B1644801}.Debug|Any CPU.ActiveCfg = Debug|Any CPU
		{BF832F33-ACE2-4AB6-B9FF-CCF6B1644801}.Debug|Any CPU.Build.0 = Debug|Any CPU
		{BF832F33-ACE2-4AB6-B9FF-CCF6B1644801}.Release|Any CPU.ActiveCfg = Release|Any CPU
		{BF832F33-ACE2-4AB6-B9FF-CCF6B1644801}.Release|Any CPU.Build.0 = Release|Any CPU
		{DEB779B9-06E6-402D-ABB3-2FFA202D6966}.Debug|Any CPU.ActiveCfg = Debug|Any CPU
		{DEB779B9-06E6-402D-ABB3-2FFA202D6966}.Debug|Any CPU.Build.0 = Debug|Any CPU
		{DEB779B9-06E6-402D-ABB3-2FFA202D6966}.Release|Any CPU.ActiveCfg = Release|Any CPU
		{DEB779B9-06E6-402D-ABB3-2FFA202D6966}.Release|Any CPU.Build.0 = Release|Any CPU
		{B6C8D6FB-98C4-40E9-82F2-4600E2BF21E2}.Debug|Any CPU.ActiveCfg = Debug|Any CPU
		{B6C8D6FB-98C4-40E9-82F2-4600E2BF21E2}.Debug|Any CPU.Build.0 = Debug|Any CPU
		{B6C8D6FB-98C4-40E9-82F2-4600E2BF21E2}.Release|Any CPU.ActiveCfg = Release|Any CPU
		{B6C8D6FB-98C4-40E9-82F2-4600E2BF21E2}.Release|Any CPU.Build.0 = Release|Any CPU
		{FAAEFD0D-7DD4-4960-A134-25959448BEAF}.Debug|Any CPU.ActiveCfg = Debug|Any CPU
		{FAAEFD0D-7DD4-4960-A134-25959448BEAF}.Debug|Any CPU.Build.0 = Debug|Any CPU
		{FAAEFD0D-7DD4-4960-A134-25959448BEAF}.Release|Any CPU.ActiveCfg = Release|Any CPU
		{FAAEFD0D-7DD4-4960-A134-25959448BEAF}.Release|Any CPU.Build.0 = Release|Any CPU
		{32DE561C-1C06-4AC0-84E2-D0678D607276}.Debug|Any CPU.ActiveCfg = Debug|Any CPU
		{32DE561C-1C06-4AC0-84E2-D0678D607276}.Debug|Any CPU.Build.0 = Debug|Any CPU
		{32DE561C-1C06-4AC0-84E2-D0678D607276}.Release|Any CPU.ActiveCfg = Release|Any CPU
		{32DE561C-1C06-4AC0-84E2-D0678D607276}.Release|Any CPU.Build.0 = Release|Any CPU
		{982B991E-E6CE-4F49-8417-DF25AF083E0B}.Debug|Any CPU.ActiveCfg = Debug|Any CPU
		{982B991E-E6CE-4F49-8417-DF25AF083E0B}.Debug|Any CPU.Build.0 = Debug|Any CPU
		{982B991E-E6CE-4F49-8417-DF25AF083E0B}.Release|Any CPU.ActiveCfg = Release|Any CPU
		{982B991E-E6CE-4F49-8417-DF25AF083E0B}.Release|Any CPU.Build.0 = Release|Any CPU
		{5725515F-3310-4454-9089-A82DE97BF646}.Debug|Any CPU.ActiveCfg = Debug|Any CPU
		{5725515F-3310-4454-9089-A82DE97BF646}.Debug|Any CPU.Build.0 = Debug|Any CPU
		{5725515F-3310-4454-9089-A82DE97BF646}.Release|Any CPU.ActiveCfg = Release|Any CPU
		{5725515F-3310-4454-9089-A82DE97BF646}.Release|Any CPU.Build.0 = Release|Any CPU
		{1933EAA4-96C6-437E-AEB4-1A64853D25D8}.Debug|Any CPU.ActiveCfg = Debug|Any CPU
		{1933EAA4-96C6-437E-AEB4-1A64853D25D8}.Debug|Any CPU.Build.0 = Debug|Any CPU
		{1933EAA4-96C6-437E-AEB4-1A64853D25D8}.Release|Any CPU.ActiveCfg = Release|Any CPU
		{1933EAA4-96C6-437E-AEB4-1A64853D25D8}.Release|Any CPU.Build.0 = Release|Any CPU
		{77CA0DDA-2F4D-4126-8C7A-48E248442F33}.Debug|Any CPU.ActiveCfg = Debug|Any CPU
		{77CA0DDA-2F4D-4126-8C7A-48E248442F33}.Debug|Any CPU.Build.0 = Debug|Any CPU
		{77CA0DDA-2F4D-4126-8C7A-48E248442F33}.Release|Any CPU.ActiveCfg = Release|Any CPU
		{77CA0DDA-2F4D-4126-8C7A-48E248442F33}.Release|Any CPU.Build.0 = Release|Any CPU
		{8E27D4DB-5AF4-49CA-842F-E11FF710EDE7}.Debug|Any CPU.ActiveCfg = Debug|Any CPU
		{8E27D4DB-5AF4-49CA-842F-E11FF710EDE7}.Debug|Any CPU.Build.0 = Debug|Any CPU
		{8E27D4DB-5AF4-49CA-842F-E11FF710EDE7}.Release|Any CPU.ActiveCfg = Release|Any CPU
		{8E27D4DB-5AF4-49CA-842F-E11FF710EDE7}.Release|Any CPU.Build.0 = Release|Any CPU
		{74A0390E-0006-441D-8A2F-A1C735A7A9DD}.Debug|Any CPU.ActiveCfg = Debug|Any CPU
		{74A0390E-0006-441D-8A2F-A1C735A7A9DD}.Debug|Any CPU.Build.0 = Debug|Any CPU
		{74A0390E-0006-441D-8A2F-A1C735A7A9DD}.Release|Any CPU.ActiveCfg = Release|Any CPU
		{74A0390E-0006-441D-8A2F-A1C735A7A9DD}.Release|Any CPU.Build.0 = Release|Any CPU
		{3654A2F9-5E67-44CE-A859-08D72BDED289}.Debug|Any CPU.ActiveCfg = Debug|Any CPU
		{3654A2F9-5E67-44CE-A859-08D72BDED289}.Debug|Any CPU.Build.0 = Debug|Any CPU
		{3654A2F9-5E67-44CE-A859-08D72BDED289}.Release|Any CPU.ActiveCfg = Release|Any CPU
		{3654A2F9-5E67-44CE-A859-08D72BDED289}.Release|Any CPU.Build.0 = Release|Any CPU
		{130FFDFD-6A93-4DE8-A83E-64084EBA1A20}.Debug|Any CPU.ActiveCfg = Debug|Any CPU
		{130FFDFD-6A93-4DE8-A83E-64084EBA1A20}.Debug|Any CPU.Build.0 = Debug|Any CPU
		{130FFDFD-6A93-4DE8-A83E-64084EBA1A20}.Release|Any CPU.ActiveCfg = Release|Any CPU
		{130FFDFD-6A93-4DE8-A83E-64084EBA1A20}.Release|Any CPU.Build.0 = Release|Any CPU
		{3D6ABC3E-6522-45BA-994C-5C801EE3A997}.Debug|Any CPU.ActiveCfg = Debug|Any CPU
		{3D6ABC3E-6522-45BA-994C-5C801EE3A997}.Debug|Any CPU.Build.0 = Debug|Any CPU
		{3D6ABC3E-6522-45BA-994C-5C801EE3A997}.Release|Any CPU.ActiveCfg = Release|Any CPU
		{3D6ABC3E-6522-45BA-994C-5C801EE3A997}.Release|Any CPU.Build.0 = Release|Any CPU
		{9BB249EF-799A-4EC1-BA9A-24184B40FF37}.Debug|Any CPU.ActiveCfg = Debug|Any CPU
		{9BB249EF-799A-4EC1-BA9A-24184B40FF37}.Debug|Any CPU.Build.0 = Debug|Any CPU
		{9BB249EF-799A-4EC1-BA9A-24184B40FF37}.Release|Any CPU.ActiveCfg = Release|Any CPU
		{9BB249EF-799A-4EC1-BA9A-24184B40FF37}.Release|Any CPU.Build.0 = Release|Any CPU
		{D1F158D5-8BF1-440A-A814-7BB13DFFBF84}.Debug|Any CPU.ActiveCfg = Debug|Any CPU
		{D1F158D5-8BF1-440A-A814-7BB13DFFBF84}.Debug|Any CPU.Build.0 = Debug|Any CPU
		{D1F158D5-8BF1-440A-A814-7BB13DFFBF84}.Release|Any CPU.ActiveCfg = Release|Any CPU
		{D1F158D5-8BF1-440A-A814-7BB13DFFBF84}.Release|Any CPU.Build.0 = Release|Any CPU
		{60CB5AC3-5379-4FE8-86BE-B3DBDA2CB491}.Debug|Any CPU.ActiveCfg = Debug|Any CPU
		{60CB5AC3-5379-4FE8-86BE-B3DBDA2CB491}.Debug|Any CPU.Build.0 = Debug|Any CPU
		{60CB5AC3-5379-4FE8-86BE-B3DBDA2CB491}.Release|Any CPU.ActiveCfg = Release|Any CPU
		{60CB5AC3-5379-4FE8-86BE-B3DBDA2CB491}.Release|Any CPU.Build.0 = Release|Any CPU
		{CC414754-FA7E-409B-9BC4-4A81DF4C00BB}.Debug|Any CPU.ActiveCfg = Debug|Any CPU
		{CC414754-FA7E-409B-9BC4-4A81DF4C00BB}.Debug|Any CPU.Build.0 = Debug|Any CPU
		{CC414754-FA7E-409B-9BC4-4A81DF4C00BB}.Release|Any CPU.ActiveCfg = Release|Any CPU
		{CC414754-FA7E-409B-9BC4-4A81DF4C00BB}.Release|Any CPU.Build.0 = Release|Any CPU
		{6989C076-5A03-4E0A-A995-0DE18F78B531}.Debug|Any CPU.ActiveCfg = Debug|Any CPU
		{6989C076-5A03-4E0A-A995-0DE18F78B531}.Debug|Any CPU.Build.0 = Debug|Any CPU
		{6989C076-5A03-4E0A-A995-0DE18F78B531}.Release|Any CPU.ActiveCfg = Release|Any CPU
		{6989C076-5A03-4E0A-A995-0DE18F78B531}.Release|Any CPU.Build.0 = Release|Any CPU
		{63B873A3-0F2F-437E-8159-7A726E18BC34}.Debug|Any CPU.ActiveCfg = Debug|Any CPU
		{63B873A3-0F2F-437E-8159-7A726E18BC34}.Debug|Any CPU.Build.0 = Debug|Any CPU
		{63B873A3-0F2F-437E-8159-7A726E18BC34}.Release|Any CPU.ActiveCfg = Release|Any CPU
		{63B873A3-0F2F-437E-8159-7A726E18BC34}.Release|Any CPU.Build.0 = Release|Any CPU
		{7AF773D4-1C7B-4355-884B-58DF8F07E0DE}.Debug|Any CPU.ActiveCfg = Debug|Any CPU
		{7AF773D4-1C7B-4355-884B-58DF8F07E0DE}.Debug|Any CPU.Build.0 = Debug|Any CPU
		{7AF773D4-1C7B-4355-884B-58DF8F07E0DE}.Release|Any CPU.ActiveCfg = Release|Any CPU
		{7AF773D4-1C7B-4355-884B-58DF8F07E0DE}.Release|Any CPU.Build.0 = Release|Any CPU
		{8F939B79-CB78-4A6B-9A45-8256046FCF4B}.Debug|Any CPU.ActiveCfg = Debug|Any CPU
		{8F939B79-CB78-4A6B-9A45-8256046FCF4B}.Debug|Any CPU.Build.0 = Debug|Any CPU
		{8F939B79-CB78-4A6B-9A45-8256046FCF4B}.Release|Any CPU.ActiveCfg = Release|Any CPU
		{8F939B79-CB78-4A6B-9A45-8256046FCF4B}.Release|Any CPU.Build.0 = Release|Any CPU
	EndGlobalSection
	GlobalSection(SolutionProperties) = preSolution
		HideSolutionNode = FALSE
	EndGlobalSection
	GlobalSection(NestedProjects) = preSolution
		{8952736F-C3E2-4965-B369-0CDCC64D4D6D} = {331C8F87-0B99-4711-AF54-594EC51A40AF}
		{27684834-57CD-482C-92A4-71489FD7C962} = {331C8F87-0B99-4711-AF54-594EC51A40AF}
		{411EA850-B889-4103-BD8C-45DBD8ACA045} = {331C8F87-0B99-4711-AF54-594EC51A40AF}
		{1F15DC48-202E-44F7-A50F-088E44F9FF10} = {331C8F87-0B99-4711-AF54-594EC51A40AF}
		{110E0381-4439-4E62-B95E-BF289B9A5F10} = {331C8F87-0B99-4711-AF54-594EC51A40AF}
		{B898FDA9-022C-4598-AAC1-F7E12672D68B} = {331C8F87-0B99-4711-AF54-594EC51A40AF}
		{9F91B218-3D2C-4474-BCE0-819B76F6EFB5} = {331C8F87-0B99-4711-AF54-594EC51A40AF}
		{0E93F75D-AF89-4810-A905-0E21F3D22B30} = {331C8F87-0B99-4711-AF54-594EC51A40AF}
		{66FFEF98-2823-4DA1-BC7C-3EFB15954B5C} = {331C8F87-0B99-4711-AF54-594EC51A40AF}
		{BDEB14A6-3CDD-406B-A62C-40EB43607DAC} = {331C8F87-0B99-4711-AF54-594EC51A40AF}
		{B5B2EC69-57FD-4CAC-B787-E0346470D8A8} = {331C8F87-0B99-4711-AF54-594EC51A40AF}
		{3BFA9058-C730-4120-A0B4-58016FD2703C} = {331C8F87-0B99-4711-AF54-594EC51A40AF}
		{27025BBE-AD0C-43EE-A5F3-6EBB4C2CA313} = {331C8F87-0B99-4711-AF54-594EC51A40AF}
		{BF832F33-ACE2-4AB6-B9FF-CCF6B1644801} = {331C8F87-0B99-4711-AF54-594EC51A40AF}
		{DEB779B9-06E6-402D-ABB3-2FFA202D6966} = {331C8F87-0B99-4711-AF54-594EC51A40AF}
		{B6C8D6FB-98C4-40E9-82F2-4600E2BF21E2} = {331C8F87-0B99-4711-AF54-594EC51A40AF}
		{FAAEFD0D-7DD4-4960-A134-25959448BEAF} = {F9F2E26C-E584-44BF-AB72-D26DBC1AB67B}
		{32DE561C-1C06-4AC0-84E2-D0678D607276} = {F9F2E26C-E584-44BF-AB72-D26DBC1AB67B}
		{982B991E-E6CE-4F49-8417-DF25AF083E0B} = {F9F2E26C-E584-44BF-AB72-D26DBC1AB67B}
		{5725515F-3310-4454-9089-A82DE97BF646} = {F9F2E26C-E584-44BF-AB72-D26DBC1AB67B}
		{1933EAA4-96C6-437E-AEB4-1A64853D25D8} = {F9F2E26C-E584-44BF-AB72-D26DBC1AB67B}
		{77CA0DDA-2F4D-4126-8C7A-48E248442F33} = {F9F2E26C-E584-44BF-AB72-D26DBC1AB67B}
		{8E27D4DB-5AF4-49CA-842F-E11FF710EDE7} = {F9F2E26C-E584-44BF-AB72-D26DBC1AB67B}
		{74A0390E-0006-441D-8A2F-A1C735A7A9DD} = {F9F2E26C-E584-44BF-AB72-D26DBC1AB67B}
		{3654A2F9-5E67-44CE-A859-08D72BDED289} = {F9F2E26C-E584-44BF-AB72-D26DBC1AB67B}
		{130FFDFD-6A93-4DE8-A83E-64084EBA1A20} = {1D1A33C9-7C4A-4775-8733-DCCF8FE381AE}
		{3D6ABC3E-6522-45BA-994C-5C801EE3A997} = {1D1A33C9-7C4A-4775-8733-DCCF8FE381AE}
		{9BB249EF-799A-4EC1-BA9A-24184B40FF37} = {1D1A33C9-7C4A-4775-8733-DCCF8FE381AE}
		{D1F158D5-8BF1-440A-A814-7BB13DFFBF84} = {1D1A33C9-7C4A-4775-8733-DCCF8FE381AE}
		{60CB5AC3-5379-4FE8-86BE-B3DBDA2CB491} = {1D1A33C9-7C4A-4775-8733-DCCF8FE381AE}
		{CC414754-FA7E-409B-9BC4-4A81DF4C00BB} = {1D1A33C9-7C4A-4775-8733-DCCF8FE381AE}
		{6989C076-5A03-4E0A-A995-0DE18F78B531} = {1D1A33C9-7C4A-4775-8733-DCCF8FE381AE}
		{63B873A3-0F2F-437E-8159-7A726E18BC34} = {1D1A33C9-7C4A-4775-8733-DCCF8FE381AE}
		{7AF773D4-1C7B-4355-884B-58DF8F07E0DE} = {C6116C5B-304E-4659-8C9B-51D1B17B26A7}
		{8F939B79-CB78-4A6B-9A45-8256046FCF4B} = {C6116C5B-304E-4659-8C9B-51D1B17B26A7}
	EndGlobalSection
	GlobalSection(ExtensibilityGlobals) = postSolution
		SolutionGuid = {05CC2439-B20E-41AA-BAAF-299581A1A20B}
	EndGlobalSection
EndGlobal
